
Microsoft Visual Studio Solution File, Format Version 12.00
# Visual Studio 15
VisualStudioVersion = 15.0.28307.902
MinimumVisualStudioVersion = 10.0.40219.1
Project("{FAE04EC0-301F-11D3-BF4B-00C04F79EFBC}") = "SpletnaBrezVmesnika", "SpletnaBrezVmesnika\SpletnaBrezVmesnika.csproj", "{B6CEAB67-F077-4654-8364-EC582B99609B}"
EndProject
Global
	GlobalSection(SolutionConfigurationPlatforms) = preSolution
		Debug|Any CPU = Debug|Any CPU
		Release|Any CPU = Release|Any CPU
	EndGlobalSection
	GlobalSection(ProjectConfigurationPlatforms) = postSolution
		{B6CEAB67-F077-4654-8364-EC582B99609B}.Debug|Any CPU.ActiveCfg = Debug|Any CPU
		{B6CEAB67-F077-4654-8364-EC582B99609B}.Debug|Any CPU.Build.0 = Debug|Any CPU
		{B6CEAB67-F077-4654-8364-EC582B99609B}.Release|Any CPU.ActiveCfg = Release|Any CPU
		{B6CEAB67-F077-4654-8364-EC582B99609B}.Release|Any CPU.Build.0 = Release|Any CPU
	EndGlobalSection
	GlobalSection(SolutionProperties) = preSolution
		HideSolutionNode = FALSE
	EndGlobalSection
	GlobalSection(ExtensibilityGlobals) = postSolution
		SolutionGuid = {DBD1F893-7644-434C-9677-519B899E9FE1}
	EndGlobalSection
EndGlobal
