
Microsoft Visual Studio Solution File, Format Version 12.00
# Visual Studio 15
VisualStudioVersion = 15.0.28307.902
MinimumVisualStudioVersion = 10.0.40219.1
Project("{FAE04EC0-301F-11D3-BF4B-00C04F79EFBC}") = "VajaBForme", "VajaBForme\VajaBForme.csproj", "{9AFEC568-134F-4A7A-A717-1783123BF59C}"
EndProject
Global
	GlobalSection(SolutionConfigurationPlatforms) = preSolution
		Debug|Any CPU = Debug|Any CPU
		Release|Any CPU = Release|Any CPU
	EndGlobalSection
	GlobalSection(ProjectConfigurationPlatforms) = postSolution
		{9AFEC568-134F-4A7A-A717-1783123BF59C}.Debug|Any CPU.ActiveCfg = Debug|Any CPU
		{9AFEC568-134F-4A7A-A717-1783123BF59C}.Debug|Any CPU.Build.0 = Debug|Any CPU
		{9AFEC568-134F-4A7A-A717-1783123BF59C}.Release|Any CPU.ActiveCfg = Release|Any CPU
		{9AFEC568-134F-4A7A-A717-1783123BF59C}.Release|Any CPU.Build.0 = Release|Any CPU
	EndGlobalSection
	GlobalSection(SolutionProperties) = preSolution
		HideSolutionNode = FALSE
	EndGlobalSection
	GlobalSection(ExtensibilityGlobals) = postSolution
		SolutionGuid = {30B22C16-2B42-4F79-A9E5-524033EAA1ED}
	EndGlobalSection
EndGlobal
