
Microsoft Visual Studio Solution File, Format Version 12.00
# Visual Studio 15
VisualStudioVersion = 15.0.28307.902
MinimumVisualStudioVersion = 10.0.40219.1
Project("{FAE04EC0-301F-11D3-BF4B-00C04F79EFBC}") = "PrvaMVC", "PrvaMVC\PrvaMVC.csproj", "{98CBD91C-599E-466C-9C97-78326A89DBB2}"
EndProject
Global
	GlobalSection(SolutionConfigurationPlatforms) = preSolution
		Debug|Any CPU = Debug|Any CPU
		Release|Any CPU = Release|Any CPU
	EndGlobalSection
	GlobalSection(ProjectConfigurationPlatforms) = postSolution
		{98CBD91C-599E-466C-9C97-78326A89DBB2}.Debug|Any CPU.ActiveCfg = Debug|Any CPU
		{98CBD91C-599E-466C-9C97-78326A89DBB2}.Debug|Any CPU.Build.0 = Debug|Any CPU
		{98CBD91C-599E-466C-9C97-78326A89DBB2}.Release|Any CPU.ActiveCfg = Release|Any CPU
		{98CBD91C-599E-466C-9C97-78326A89DBB2}.Release|Any CPU.Build.0 = Release|Any CPU
	EndGlobalSection
	GlobalSection(SolutionProperties) = preSolution
		HideSolutionNode = FALSE
	EndGlobalSection
	GlobalSection(ExtensibilityGlobals) = postSolution
		SolutionGuid = {2A0A58E1-8F9D-4834-B480-C65802EF144E}
	EndGlobalSection
EndGlobal
