
Microsoft Visual Studio Solution File, Format Version 12.00
# Visual Studio 15
VisualStudioVersion = 15.0.28307.902
MinimumVisualStudioVersion = 10.0.40219.1
Project("{FAE04EC0-301F-11D3-BF4B-00C04F79EFBC}") = "VajaB", "VajaB\VajaB.csproj", "{7281F193-6E3C-4F91-BCD8-764EDCDA8089}"
EndProject
Global
	GlobalSection(SolutionConfigurationPlatforms) = preSolution
		Debug|Any CPU = Debug|Any CPU
		Release|Any CPU = Release|Any CPU
	EndGlobalSection
	GlobalSection(ProjectConfigurationPlatforms) = postSolution
		{7281F193-6E3C-4F91-BCD8-764EDCDA8089}.Debug|Any CPU.ActiveCfg = Debug|Any CPU
		{7281F193-6E3C-4F91-BCD8-764EDCDA8089}.Debug|Any CPU.Build.0 = Debug|Any CPU
		{7281F193-6E3C-4F91-BCD8-764EDCDA8089}.Release|Any CPU.ActiveCfg = Release|Any CPU
		{7281F193-6E3C-4F91-BCD8-764EDCDA8089}.Release|Any CPU.Build.0 = Release|Any CPU
	EndGlobalSection
	GlobalSection(SolutionProperties) = preSolution
		HideSolutionNode = FALSE
	EndGlobalSection
	GlobalSection(ExtensibilityGlobals) = postSolution
		SolutionGuid = {362CF169-1665-46B9-94D4-7BA8ECB351DE}
	EndGlobalSection
EndGlobal
